
Microsoft Visual Studio Solution File, Format Version 12.00
# Visual Studio 15
VisualStudioVersion = 15.0.27130.2036
MinimumVisualStudioVersion = 10.0.40219.1
Project("{8BC9CEB8-8B4A-11D0-8D11-00A0C91BC942}") = "keylogger", "keylogger\keylogger.vcxproj", "{20F064B9-F918-4C18-AFBE-13DAFFD34C38}"
EndProject
Global
	GlobalSection(SolutionConfigurationPlatforms) = preSolution
		Debug|x64 = Debug|x64
		Debug|x86 = Debug|x86
		Release|x64 = Release|x64
		Release|x86 = Release|x86
	EndGlobalSection
	GlobalSection(ProjectConfigurationPlatforms) = postSolution
		{20F064B9-F918-4C18-AFBE-13DAFFD34C38}.Debug|x64.ActiveCfg = Debug|x64
		{20F064B9-F918-4C18-AFBE-13DAFFD34C38}.Debug|x64.Build.0 = Debug|x64
		{20F064B9-F918-4C18-AFBE-13DAFFD34C38}.Debug|x86.ActiveCfg = Debug|Win32
		{20F064B9-F918-4C18-AFBE-13DAFFD34C38}.Debug|x86.Build.0 = Debug|Win32
		{20F064B9-F918-4C18-AFBE-13DAFFD34C38}.Release|x64.ActiveCfg = Release|x64
		{20F064B9-F918-4C18-AFBE-13DAFFD34C38}.Release|x64.Build.0 = Release|x64
		{20F064B9-F918-4C18-AFBE-13DAFFD34C38}.Release|x86.ActiveCfg = Release|Win32
		{20F064B9-F918-4C18-AFBE-13DAFFD34C38}.Release|x86.Build.0 = Release|Win32
	EndGlobalSection
	GlobalSection(SolutionProperties) = preSolution
		HideSolutionNode = FALSE
	EndGlobalSection
	GlobalSection(ExtensibilityGlobals) = postSolution
		SolutionGuid = {741D2E52-2CF5-43C3-BC7D-3A5886BD735B}
	EndGlobalSection
EndGlobal
